{
  "name": "simdpointer",
  "version": "1.0.0",
  "lockfileVersion": 3,
  "requires": true,
  "packages": {
    "": {
      "name": "simdpointer",
      "version": "1.0.0",
      "license": "ISC",
      "dependencies": {
        "bigvec": "^1.0.0",
        "localsharedmemory": "^1.0.4"
      }
    },
    "node_modules/bigvec": {
      "version": "1.0.8",
      "resolved": "https://registry.npmjs.org/bigvec/-/bigvec-1.0.8.tgz",
      "integrity": "sha512-oyK4zzNyCrimkPIeIv9RS3Iohz3sMnt80WcqnYqRdQ7o10FAPpPa1psr7kVsCdJ78yzzJwFNyB74yNl3OdCpEg==",
      "license": "ISC"
    },
    "node_modules/localsharedmemory": {
      "version": "1.0.4",
      "resolved": "https://registry.npmjs.org/localsharedmemory/-/localsharedmemory-1.0.4.tgz",
      "integrity": "sha512-0K0FesSPH6/inZPiPPDN3nLAFrLcyorVGN6x7IB0JFMzTZEsU13Ft+sWutS1r+CnA2WJf8r/8DzibVx0I1opDA==",
      "license": "ISC"
    }
  }
}
