{
  "name": "simdpointer",
  "version": "1.0.1",
  "lockfileVersion": 3,
  "requires": true,
  "packages": {
    "": {
      "name": "simdpointer",
      "version": "1.0.1",
      "license": "ISC",
      "dependencies": {
        "bigvec": "^1.1.2",
        "localsharedmemory": "^1.0.4"
      }
    },
    "node_modules/bigvec": {
      "version": "1.1.2",
      "resolved": "https://registry.npmjs.org/bigvec/-/bigvec-1.1.2.tgz",
      "integrity": "sha512-mqZ2ryVLppPqZVuP4TiEOaZA8NIlxAwtYymq/YodZaNlcHadrkVpCEejAG/efzGa2H4bYOzDTwtOqe/oL3WT6g==",
      "license": "ISC"
    },
    "node_modules/localsharedmemory": {
      "version": "1.0.6",
      "license": "ISC"
    }
  }
}
